
Microsoft Visual Studio Solution File, Format Version 12.00
# Visual Studio Version 16
VisualStudioVersion = 16.0.30413.136
MinimumVisualStudioVersion = 10.0.40219.1
Project("{FAE04EC0-301F-11D3-BF4B-00C04F79EFBC}") = "proyekUAS1", "proyekUAS1\proyekUAS1.csproj", "{E8837397-02EC-40A1-B711-4D5625D68FDD}"
	ProjectSection(ProjectDependencies) = postProject
		{583752B7-F994-481E-98B9-16A9187B7126} = {583752B7-F994-481E-98B9-16A9187B7126}
	EndProjectSection
EndProject
Project("{9A19103F-16F7-4668-BE54-9A1E7A4F7556}") = "Common", "Common\Common.csproj", "{583752B7-F994-481E-98B9-16A9187B7126}"
EndProject
Global
	GlobalSection(SolutionConfigurationPlatforms) = preSolution
		Debug|Any CPU = Debug|Any CPU
		Release|Any CPU = Release|Any CPU
	EndGlobalSection
	GlobalSection(ProjectConfigurationPlatforms) = postSolution
		{E8837397-02EC-40A1-B711-4D5625D68FDD}.Debug|Any CPU.ActiveCfg = Debug|Any CPU
		{E8837397-02EC-40A1-B711-4D5625D68FDD}.Debug|Any CPU.Build.0 = Debug|Any CPU
		{E8837397-02EC-40A1-B711-4D5625D68FDD}.Release|Any CPU.ActiveCfg = Release|Any CPU
		{E8837397-02EC-40A1-B711-4D5625D68FDD}.Release|Any CPU.Build.0 = Release|Any CPU
		{583752B7-F994-481E-98B9-16A9187B7126}.Debug|Any CPU.ActiveCfg = Debug|Any CPU
		{583752B7-F994-481E-98B9-16A9187B7126}.Debug|Any CPU.Build.0 = Debug|Any CPU
		{583752B7-F994-481E-98B9-16A9187B7126}.Release|Any CPU.ActiveCfg = Release|Any CPU
		{583752B7-F994-481E-98B9-16A9187B7126}.Release|Any CPU.Build.0 = Release|Any CPU
	EndGlobalSection
	GlobalSection(SolutionProperties) = preSolution
		HideSolutionNode = FALSE
	EndGlobalSection
	GlobalSection(ExtensibilityGlobals) = postSolution
		SolutionGuid = {C21587E1-8696-47B2-8346-F08EC20DAB38}
	EndGlobalSection
EndGlobal
